// !$*UTF8*$!
{
	archiveVersion = 1;
	classes = {
	};
	objectVersion = 52;
	objects = {

/* Begin PBXBuildFile section */
		A3C0706826DC2C86002C4ECC /* AppDelegate.swift in Sources */ = {isa = PBXBuildFile; fileRef = A3C0706726DC2C86002C4ECC /* AppDelegate.swift */; };
		A3C0706A26DC2C86002C4ECC /* SceneDelegate.swift in Sources */ = {isa = PBXBuildFile; fileRef = A3C0706926DC2C86002C4ECC /* SceneDelegate.swift */; };
		A3C0706C26DC2C86002C4ECC /* ViewController.swift in Sources */ = {isa = PBXBuildFile; fileRef = A3C0706B26DC2C86002C4ECC /* ViewController.swift */; };
		A3C0706F26DC2C86002C4ECC /* Main.storyboard in Resources */ = {isa = PBXBuildFile; fileRef = A3C0706D26DC2C86002C4ECC /* Main.storyboard */; };
		A3C0707126DC2C87002C4ECC /* Assets.xcassets in Resources */ = {isa = PBXBuildFile; fileRef = A3C0707026DC2C87002C4ECC /* Assets.xcassets */; };
		A3C0707426DC2C87002C4ECC /* LaunchScreen.storyboard in Resources */ = {isa = PBXBuildFile; fileRef = A3C0707226DC2C87002C4ECC /* LaunchScreen.storyboard */; };
		A3C0707E26DC2D33002C4ECC /* ChimangoAI in Frameworks */ = {isa = PBXBuildFile; productRef = A3C0707D26DC2D33002C4ECC /* ChimangoAI */; };
/* End PBXBuildFile section */

/* Begin PBXFileReference section */
		A3C0706426DC2C86002C4ECC /* ChimangoDemo.app */ = {isa = PBXFileReference; explicitFileType = wrapper.application; includeInIndex = 0; path = ChimangoDemo.app; sourceTree = BUILT_PRODUCTS_DIR; };
		A3C0706726DC2C86002C4ECC /* AppDelegate.swift */ = {isa = PBXFileReference; lastKnownFileType = sourcecode.swift; path = AppDelegate.swift; sourceTree = "<group>"; };
		A3C0706926DC2C86002C4ECC /* SceneDelegate.swift */ = {isa = PBXFileReference; lastKnownFileType = sourcecode.swift; path = SceneDelegate.swift; sourceTree = "<group>"; };
		A3C0706B26DC2C86002C4ECC /* ViewController.swift */ = {isa = PBXFileReference; lastKnownFileType = sourcecode.swift; path = ViewController.swift; sourceTree = "<group>"; };
		A3C0706E26DC2C86002C4ECC /* Base */ = {isa = PBXFileReference; lastKnownFileType = file.storyboard; name = Base; path = Base.lproj/Main.storyboard; sourceTree = "<group>"; };
		A3C0707026DC2C87002C4ECC /* Assets.xcassets */ = {isa = PBXFileReference; lastKnownFileType = folder.assetcatalog; path = Assets.xcassets; sourceTree = "<group>"; };
		A3C0707326DC2C87002C4ECC /* Base */ = {isa = PBXFileReference; lastKnownFileType = file.storyboard; name = Base; path = Base.lproj/LaunchScreen.storyboard; sourceTree = "<group>"; };
		A3C0707526DC2C87002C4ECC /* Info.plist */ = {isa = PBXFileReference; lastKnownFileType = text.plist.xml; path = Info.plist; sourceTree = "<group>"; };
		A3C0707B26DC2D27002C4ECC /* chimango-ai */ = {isa = PBXFileReference; lastKnownFileType = folder; name = "chimango-ai"; path = ..; sourceTree = "<group>"; };
/* End PBXFileReference section */

/* Begin PBXFrameworksBuildPhase section */
		A3C0706126DC2C86002C4ECC /* Frameworks */ = {
			isa = PBXFrameworksBuildPhase;
			buildActionMask = 2147483647;
			files = (
				A3C0707E26DC2D33002C4ECC /* ChimangoAI in Frameworks */,
			);
			runOnlyForDeploymentPostprocessing = 0;
		};
/* End PBXFrameworksBuildPhase section */

/* Begin PBXGroup section */
		A3C0705B26DC2C86002C4ECC = {
			isa = PBXGroup;
			children = (
				A3C0706626DC2C86002C4ECC /* ChimangoDemo */,
				A3C0706526DC2C86002C4ECC /* Products */,
				A3C0707C26DC2D33002C4ECC /* Frameworks */,
			);
			sourceTree = "<group>";
		};
		A3C0706526DC2C86002C4ECC /* Products */ = {
			isa = PBXGroup;
			children = (
				A3C0706426DC2C86002C4ECC /* ChimangoDemo.app */,
			);
			name = Products;
			sourceTree = "<group>";
		};
		A3C0706626DC2C86002C4ECC /* ChimangoDemo */ = {
			isa = PBXGroup;
			children = (
				A3C0706726DC2C86002C4ECC /* AppDelegate.swift */,
				A3C0706926DC2C86002C4ECC /* SceneDelegate.swift */,
				A3C0706B26DC2C86002C4ECC /* ViewController.swift */,
				A3C0706D26DC2C86002C4ECC /* Main.storyboard */,
				A3C0707026DC2C87002C4ECC /* Assets.xcassets */,
				A3C0707226DC2C87002C4ECC /* LaunchScreen.storyboard */,
				A3C0707526DC2C87002C4ECC /* Info.plist */,
			);
			path = ChimangoDemo;
			sourceTree = "<group>";
		};
		A3C0707C26DC2D33002C4ECC /* Frameworks */ = {
			isa = PBXGroup;
			children = (
				A3C0707B26DC2D27002C4ECC /* chimango-ai */,
			);
			name = Frameworks;
			sourceTree = "<group>";
		};
/* End PBXGroup section */

/* Begin PBXNativeTarget section */
		A3C0706326DC2C86002C4ECC /* ChimangoDemo */ = {
			isa = PBXNativeTarget;
			buildConfigurationList = A3C0707826DC2C87002C4ECC /* Build configuration list for PBXNativeTarget "ChimangoDemo" */;
			buildPhases = (
				A3C0706026DC2C86002C4ECC /* Sources */,
				A3C0706126DC2C86002C4ECC /* Frameworks */,
				A3C0706226DC2C86002C4ECC /* Resources */,
			);
			buildRules = (
			);
			dependencies = (
			);
			name = ChimangoDemo;
			packageProductDependencies = (
				A3C0707D26DC2D33002C4ECC /* ChimangoAI */,
			);
			productName = VisualSearchDemo;
			productReference = A3C0706426DC2C86002C4ECC /* ChimangoDemo.app */;
			productType = "com.apple.product-type.application";
		};
/* End PBXNativeTarget section */

/* Begin PBXProject section */
		A3C0705C26DC2C86002C4ECC /* Project object */ = {
			isa = PBXProject;
			attributes = {
				LastSwiftUpdateCheck = 1250;
				LastUpgradeCheck = 1250;
				TargetAttributes = {
					A3C0706326DC2C86002C4ECC = {
						CreatedOnToolsVersion = 12.5.1;
					};
				};
			};
			buildConfigurationList = A3C0705F26DC2C86002C4ECC /* Build configuration list for PBXProject "ChimangoDemo" */;
			compatibilityVersion = "Xcode 9.3";
			developmentRegion = en;
			hasScannedForEncodings = 0;
			knownRegions = (
				en,
				Base,
			);
			mainGroup = A3C0705B26DC2C86002C4ECC;
			productRefGroup = A3C0706526DC2C86002C4ECC /* Products */;
			projectDirPath = "";
			projectRoot = "";
			targets = (
				A3C0706326DC2C86002C4ECC /* ChimangoDemo */,
			);
		};
/* End PBXProject section */

/* Begin PBXResourcesBuildPhase section */
		A3C0706226DC2C86002C4ECC /* Resources */ = {
			isa = PBXResourcesBuildPhase;
			buildActionMask = 2147483647;
			files = (
				A3C0707426DC2C87002C4ECC /* LaunchScreen.storyboard in Resources */,
				A3C0707126DC2C87002C4ECC /* Assets.xcassets in Resources */,
				A3C0706F26DC2C86002C4ECC /* Main.storyboard in Resources */,
			);
			runOnlyForDeploymentPostprocessing = 0;
		};
/* End PBXResourcesBuildPhase section */

/* Begin PBXSourcesBuildPhase section */
		A3C0706026DC2C86002C4ECC /* Sources */ = {
			isa = PBXSourcesBuildPhase;
			buildActionMask = 2147483647;
			files = (
				A3C0706C26DC2C86002C4ECC /* ViewController.swift in Sources */,
				A3C0706826DC2C86002C4ECC /* AppDelegate.swift in Sources */,
				A3C0706A26DC2C86002C4ECC /* SceneDelegate.swift in Sources */,
			);
			runOnlyForDeploymentPostprocessing = 0;
		};
/* End PBXSourcesBuildPhase section */

/* Begin PBXVariantGroup section */
		A3C0706D26DC2C86002C4ECC /* Main.storyboard */ = {
			isa = PBXVariantGroup;
			children = (
				A3C0706E26DC2C86002C4ECC /* Base */,
			);
			name = Main.storyboard;
			sourceTree = "<group>";
		};
		A3C0707226DC2C87002C4ECC /* LaunchScreen.storyboard */ = {
			isa = PBXVariantGroup;
			children = (
				A3C0707326DC2C87002C4ECC /* Base */,
			);
			name = LaunchScreen.storyboard;
			sourceTree = "<group>";
		};
/* End PBXVariantGroup section */

/* Begin XCBuildConfiguration section */
		A3C0707626DC2C87002C4ECC /* Debug */ = {
			isa = XCBuildConfiguration;
			buildSettings = {
				ALWAYS_SEARCH_USER_PATHS = NO;
				CLANG_ANALYZER_NONNULL = YES;
				CLANG_ANALYZER_NUMBER_OBJECT_CONVERSION = YES_AGGRESSIVE;
				CLANG_CXX_LANGUAGE_STANDARD = "gnu++14";
				CLANG_CXX_LIBRARY = "libc++";
				CLANG_ENABLE_MODULES = YES;
				CLANG_ENABLE_OBJC_ARC = YES;
				CLANG_ENABLE_OBJC_WEAK = YES;
				CLANG_WARN_BLOCK_CAPTURE_AUTORELEASING = YES;
				CLANG_WARN_BOOL_CONVERSION = YES;
				CLANG_WARN_COMMA = YES;
				CLANG_WARN_CONSTANT_CONVERSION = YES;
				CLANG_WARN_DEPRECATED_OBJC_IMPLEMENTATIONS = YES;
				CLANG_WARN_DIRECT_OBJC_ISA_USAGE = YES_ERROR;
				CLANG_WARN_DOCUMENTATION_COMMENTS = YES;
				CLANG_WARN_EMPTY_BODY = YES;
				CLANG_WARN_ENUM_CONVERSION = YES;
				CLANG_WARN_INFINITE_RECURSION = YES;
				CLANG_WARN_INT_CONVERSION = YES;
				CLANG_WARN_NON_LITERAL_NULL_CONVERSION = YES;
				CLANG_WARN_OBJC_IMPLICIT_RETAIN_SELF = YES;
				CLANG_WARN_OBJC_LITERAL_CONVERSION = YES;
				CLANG_WARN_OBJC_ROOT_CLASS = YES_ERROR;
				CLANG_WARN_QUOTED_INCLUDE_IN_FRAMEWORK_HEADER = YES;
				CLANG_WARN_RANGE_LOOP_ANALYSIS = YES;
				CLANG_WARN_STRICT_PROTOTYPES = YES;
				CLANG_WARN_SUSPICIOUS_MOVE = YES;
				CLANG_WARN_UNGUARDED_AVAILABILITY = YES_AGGRESSIVE;
				CLANG_WARN_UNREACHABLE_CODE = YES;
				CLANG_WARN__DUPLICATE_METHOD_MATCH = YES;
				COPY_PHASE_STRIP = NO;
				DEBUG_INFORMATION_FORMAT = dwarf;
				ENABLE_STRICT_OBJC_MSGSEND = YES;
				ENABLE_TESTABILITY = YES;
				GCC_C_LANGUAGE_STANDARD = gnu11;
				GCC_DYNAMIC_NO_PIC = NO;
				GCC_NO_COMMON_BLOCKS = YES;
				GCC_OPTIMIZATION_LEVEL = 0;
				GCC_PREPROCESSOR_DEFINITIONS = (
					"DEBUG=1",
					"$(inherited)",
				);
				GCC_WARN_64_TO_32_BIT_CONVERSION = YES;
				GCC_WARN_ABOUT_RETURN_TYPE = YES_ERROR;
				GCC_WARN_UNDECLARED_SELECTOR = YES;
				GCC_WARN_UNINITIALIZED_AUTOS = YES_AGGRESSIVE;
				GCC_WARN_UNUSED_FUNCTION = YES;
				GCC_WARN_UNUSED_VARIABLE = YES;
				IPHONEOS_DEPLOYMENT_TARGET = 13.0;
				MTL_ENABLE_DEBUG_INFO = INCLUDE_SOURCE;
				MTL_FAST_MATH = YES;
				ONLY_ACTIVE_ARCH = YES;
				SDKROOT = iphoneos;
				SWIFT_ACTIVE_COMPILATION_CONDITIONS = DEBUG;
				SWIFT_OPTIMIZATION_LEVEL = "-Onone";
			};
			name = Debug;
		};
		A3C0707726DC2C87002C4ECC /* Release */ = {
			isa = XCBuildConfiguration;
			buildSettings = {
				ALWAYS_SEARCH_USER_PATHS = NO;
				CLANG_ANALYZER_NONNULL = YES;
				CLANG_ANALYZER_NUMBER_OBJECT_CONVERSION = YES_AGGRESSIVE;
				CLANG_CXX_LANGUAGE_STANDARD = "gnu++14";
				CLANG_CXX_LIBRARY = "libc++";
				CLANG_ENABLE_MODULES = YES;
				CLANG_ENABLE_OBJC_ARC = YES;
				CLANG_ENABLE_OBJC_WEAK = YES;
				CLANG_WARN_BLOCK_CAPTURE_AUTORELEASING = YES;
				CLANG_WARN_BOOL_CONVERSION = YES;
				CLANG_WARN_COMMA = YES;
				CLANG_WARN_CONSTANT_CONVERSION = YES;
				CLANG_WARN_DEPRECATED_OBJC_IMPLEMENTATIONS = YES;
				CLANG_WARN_DIRECT_OBJC_ISA_USAGE = YES_ERROR;
				CLANG_WARN_DOCUMENTATION_COMMENTS = YES;
				CLANG_WARN_EMPTY_BODY = YES;
				CLANG_WARN_ENUM_CONVERSION = YES;
				CLANG_WARN_INFINITE_RECURSION = YES;
				CLANG_WARN_INT_CONVERSION = YES;
				CLANG_WARN_NON_LITERAL_NULL_CONVERSION = YES;
				CLANG_WARN_OBJC_IMPLICIT_RETAIN_SELF = YES;
				CLANG_WARN_OBJC_LITERAL_CONVERSION = YES;
				CLANG_WARN_OBJC_ROOT_CLASS = YES_ERROR;
				CLANG_WARN_QUOTED_INCLUDE_IN_FRAMEWORK_HEADER = YES;
				CLANG_WARN_RANGE_LOOP_ANALYSIS = YES;
				CLANG_WARN_STRICT_PROTOTYPES = YES;
				CLANG_WARN_SUSPICIOUS_MOVE = YES;
				CLANG_WARN_UNGUARDED_AVAILABILITY = YES_AGGRESSIVE;
				CLANG_WARN_UNREACHABLE_CODE = YES;
				CLANG_WARN__DUPLICATE_METHOD_MATCH = YES;
				COPY_PHASE_STRIP = NO;
				DEBUG_INFORMATION_FORMAT = "dwarf-with-dsym";
				ENABLE_NS_ASSERTIONS = NO;
				ENABLE_STRICT_OBJC_MSGSEND = YES;
				GCC_C_LANGUAGE_STANDARD = gnu11;
				GCC_NO_COMMON_BLOCKS = YES;
				GCC_WARN_64_TO_32_BIT_CONVERSION = YES;
				GCC_WARN_ABOUT_RETURN_TYPE = YES_ERROR;
				GCC_WARN_UNDECLARED_SELECTOR = YES;
				GCC_WARN_UNINITIALIZED_AUTOS = YES_AGGRESSIVE;
				GCC_WARN_UNUSED_FUNCTION = YES;
				GCC_WARN_UNUSED_VARIABLE = YES;
				IPHONEOS_DEPLOYMENT_TARGET = 13.0;
				MTL_ENABLE_DEBUG_INFO = NO;
				MTL_FAST_MATH = YES;
				SDKROOT = iphoneos;
				SWIFT_COMPILATION_MODE = wholemodule;
				SWIFT_OPTIMIZATION_LEVEL = "-O";
				VALIDATE_PRODUCT = YES;
			};
			name = Release;
		};
		A3C0707926DC2C87002C4ECC /* Debug */ = {
			isa = XCBuildConfiguration;
			buildSettings = {
				ASSETCATALOG_COMPILER_APPICON_NAME = AppIcon;
				ASSETCATALOG_COMPILER_GLOBAL_ACCENT_COLOR_NAME = AccentColor;
				CODE_SIGN_STYLE = Automatic;
				DEVELOPMENT_TEAM = Z9H8DB4ACA;
				INFOPLIST_FILE = ChimangoDemo/Info.plist;
				IPHONEOS_DEPLOYMENT_TARGET = 13.0;
				LD_RUNPATH_SEARCH_PATHS = (
					"$(inherited)",
					"@executable_path/Frameworks",
				);
				PRODUCT_BUNDLE_IDENTIFIER = com.djg.ChimangoDemo;
				PRODUCT_NAME = "$(TARGET_NAME)";
				SWIFT_VERSION = 5.0;
				TARGETED_DEVICE_FAMILY = "1,2";
			};
			name = Debug;
		};
		A3C0707A26DC2C87002C4ECC /* Release */ = {
			isa = XCBuildConfiguration;
			buildSettings = {
				ASSETCATALOG_COMPILER_APPICON_NAME = AppIcon;
				ASSETCATALOG_COMPILER_GLOBAL_ACCENT_COLOR_NAME = AccentColor;
				CODE_SIGN_STYLE = Automatic;
				DEVELOPMENT_TEAM = Z9H8DB4ACA;
				INFOPLIST_FILE = ChimangoDemo/Info.plist;
				IPHONEOS_DEPLOYMENT_TARGET = 13.0;
				LD_RUNPATH_SEARCH_PATHS = (
					"$(inherited)",
					"@executable_path/Frameworks",
				);
				PRODUCT_BUNDLE_IDENTIFIER = com.djg.ChimangoDemo;
				PRODUCT_NAME = "$(TARGET_NAME)";
				SWIFT_VERSION = 5.0;
				TARGETED_DEVICE_FAMILY = "1,2";
			};
			name = Release;
		};
/* End XCBuildConfiguration section */

/* Begin XCConfigurationList section */
		A3C0705F26DC2C86002C4ECC /* Build configuration list for PBXProject "ChimangoDemo" */ = {
			isa = XCConfigurationList;
			buildConfigurations = (
				A3C0707626DC2C87002C4ECC /* Debug */,
				A3C0707726DC2C87002C4ECC /* Release */,
			);
			defaultConfigurationIsVisible = 0;
			defaultConfigurationName = Release;
		};
		A3C0707826DC2C87002C4ECC /* Build configuration list for PBXNativeTarget "ChimangoDemo" */ = {
			isa = XCConfigurationList;
			buildConfigurations = (
				A3C0707926DC2C87002C4ECC /* Debug */,
				A3C0707A26DC2C87002C4ECC /* Release */,
			);
			defaultConfigurationIsVisible = 0;
			defaultConfigurationName = Release;
		};
/* End XCConfigurationList section */

/* Begin XCSwiftPackageProductDependency section */
		A3C0707D26DC2D33002C4ECC /* ChimangoAI */ = {
			isa = XCSwiftPackageProductDependency;
			productName = ChimangoAI;
		};
/* End XCSwiftPackageProductDependency section */
	};
	rootObject = A3C0705C26DC2C86002C4ECC /* Project object */;
}
